// !$*UTF8*$!
{
	archiveVersion = 1;
	classes = {
	};
	objectVersion = 50;
	objects = {

/* Begin PBXBuildFile section */
		D345278D21C5F8A500B031CE /* AppDelegate.swift in Sources */ = {isa = PBXBuildFile; fileRef = D345278C21C5F8A500B031CE /* AppDelegate.swift */; };
		D345278F21C5F8A500B031CE /* PokedexViewController.swift in Sources */ = {isa = PBXBuildFile; fileRef = D345278E21C5F8A500B031CE /* PokedexViewController.swift */; };
		D345279221C5F8A500B031CE /* Main.storyboard in Resources */ = {isa = PBXBuildFile; fileRef = D345279021C5F8A500B031CE /* Main.storyboard */; };
		D345279421C5F8A700B031CE /* Assets.xcassets in Resources */ = {isa = PBXBuildFile; fileRef = D345279321C5F8A700B031CE /* Assets.xcassets */; };
		D345279721C5F8A700B031CE /* LaunchScreen.storyboard in Resources */ = {isa = PBXBuildFile; fileRef = D345279521C5F8A700B031CE /* LaunchScreen.storyboard */; };
		D345279F21C5F8D800B031CE /* pokemon.json in Resources */ = {isa = PBXBuildFile; fileRef = D345279E21C5F8D800B031CE /* pokemon.json */; };
		D34527A321C62DFA00B031CE /* StatsViewController.swift in Sources */ = {isa = PBXBuildFile; fileRef = D34527A221C62DFA00B031CE /* StatsViewController.swift */; };
		D3929D2221DDE4E100BB5AFC /* ability.json in Resources */ = {isa = PBXBuildFile; fileRef = D3929D2121DDE4E000BB5AFC /* ability.json */; };
		D3F4B83921D0810700122F79 /* PokemonCollectionViewCell.swift in Sources */ = {isa = PBXBuildFile; fileRef = D3F4B83821D0810700122F79 /* PokemonCollectionViewCell.swift */; };
		D3F99C7F21CBC90600A5D947 /* LoadJSON.swift in Sources */ = {isa = PBXBuildFile; fileRef = D3F99C7E21CBC90600A5D947 /* LoadJSON.swift */; };
/* End PBXBuildFile section */

/* Begin PBXFileReference section */
		D345278921C5F8A500B031CE /* Pokedex.app */ = {isa = PBXFileReference; explicitFileType = wrapper.application; includeInIndex = 0; path = Pokedex.app; sourceTree = BUILT_PRODUCTS_DIR; };
		D345278C21C5F8A500B031CE /* AppDelegate.swift */ = {isa = PBXFileReference; lastKnownFileType = sourcecode.swift; path = AppDelegate.swift; sourceTree = "<group>"; };
		D345278E21C5F8A500B031CE /* PokedexViewController.swift */ = {isa = PBXFileReference; lastKnownFileType = sourcecode.swift; path = PokedexViewController.swift; sourceTree = "<group>"; };
		D345279121C5F8A500B031CE /* Base */ = {isa = PBXFileReference; lastKnownFileType = file.storyboard; name = Base; path = Base.lproj/Main.storyboard; sourceTree = "<group>"; };
		D345279321C5F8A700B031CE /* Assets.xcassets */ = {isa = PBXFileReference; lastKnownFileType = folder.assetcatalog; path = Assets.xcassets; sourceTree = "<group>"; };
		D345279621C5F8A700B031CE /* Base */ = {isa = PBXFileReference; lastKnownFileType = file.storyboard; name = Base; path = Base.lproj/LaunchScreen.storyboard; sourceTree = "<group>"; };
		D345279821C5F8A700B031CE /* Info.plist */ = {isa = PBXFileReference; lastKnownFileType = text.plist.xml; path = Info.plist; sourceTree = "<group>"; };
		D345279E21C5F8D800B031CE /* pokemon.json */ = {isa = PBXFileReference; fileEncoding = 4; lastKnownFileType = text.json; path = pokemon.json; sourceTree = "<group>"; };
		D34527A221C62DFA00B031CE /* StatsViewController.swift */ = {isa = PBXFileReference; lastKnownFileType = sourcecode.swift; path = StatsViewController.swift; sourceTree = "<group>"; };
		D36848F621D9F17400696805 /* ja */ = {isa = PBXFileReference; lastKnownFileType = text.plist.strings; name = ja; path = ja.lproj/Main.strings; sourceTree = "<group>"; };
		D36848F721D9F17400696805 /* ja */ = {isa = PBXFileReference; lastKnownFileType = text.plist.strings; name = ja; path = ja.lproj/LaunchScreen.strings; sourceTree = "<group>"; };
		D3929D2121DDE4E000BB5AFC /* ability.json */ = {isa = PBXFileReference; fileEncoding = 4; lastKnownFileType = text.json; path = ability.json; sourceTree = "<group>"; };
		D3F4B83821D0810700122F79 /* PokemonCollectionViewCell.swift */ = {isa = PBXFileReference; lastKnownFileType = sourcecode.swift; path = PokemonCollectionViewCell.swift; sourceTree = "<group>"; };
		D3F99C7E21CBC90600A5D947 /* LoadJSON.swift */ = {isa = PBXFileReference; lastKnownFileType = sourcecode.swift; path = LoadJSON.swift; sourceTree = "<group>"; };
/* End PBXFileReference section */

/* Begin PBXFrameworksBuildPhase section */
		D345278621C5F8A500B031CE /* Frameworks */ = {
			isa = PBXFrameworksBuildPhase;
			buildActionMask = 2147483647;
			files = (
			);
			runOnlyForDeploymentPostprocessing = 0;
		};
/* End PBXFrameworksBuildPhase section */

/* Begin PBXGroup section */
		D345278021C5F8A500B031CE = {
			isa = PBXGroup;
			children = (
				D345278B21C5F8A500B031CE /* Pokedex */,
				D345278A21C5F8A500B031CE /* Products */,
			);
			sourceTree = "<group>";
		};
		D345278A21C5F8A500B031CE /* Products */ = {
			isa = PBXGroup;
			children = (
				D345278921C5F8A500B031CE /* Pokedex.app */,
			);
			name = Products;
			sourceTree = "<group>";
		};
		D345278B21C5F8A500B031CE /* Pokedex */ = {
			isa = PBXGroup;
			children = (
				D3929D2121DDE4E000BB5AFC /* ability.json */,
				D345279E21C5F8D800B031CE /* pokemon.json */,
				D345279821C5F8A700B031CE /* Info.plist */,
				D345278C21C5F8A500B031CE /* AppDelegate.swift */,
				D3F99C7E21CBC90600A5D947 /* LoadJSON.swift */,
				D345278E21C5F8A500B031CE /* PokedexViewController.swift */,
				D3F4B83821D0810700122F79 /* PokemonCollectionViewCell.swift */,
				D34527A221C62DFA00B031CE /* StatsViewController.swift */,
				D345279321C5F8A700B031CE /* Assets.xcassets */,
				D345279521C5F8A700B031CE /* LaunchScreen.storyboard */,
				D345279021C5F8A500B031CE /* Main.storyboard */,
			);
			path = Pokedex;
			sourceTree = "<group>";
		};
/* End PBXGroup section */

/* Begin PBXNativeTarget section */
		D345278821C5F8A500B031CE /* Pokedex */ = {
			isa = PBXNativeTarget;
			buildConfigurationList = D345279B21C5F8A700B031CE /* Build configuration list for PBXNativeTarget "Pokedex" */;
			buildPhases = (
				D345278521C5F8A500B031CE /* Sources */,
				D345278621C5F8A500B031CE /* Frameworks */,
				D345278721C5F8A500B031CE /* Resources */,
			);
			buildRules = (
			);
			dependencies = (
			);
			name = Pokedex;
			productName = Pokedex;
			productReference = D345278921C5F8A500B031CE /* Pokedex.app */;
			productType = "com.apple.product-type.application";
		};
/* End PBXNativeTarget section */

/* Begin PBXProject section */
		D345278121C5F8A500B031CE /* Project object */ = {
			isa = PBXProject;
			attributes = {
				LastSwiftUpdateCheck = 1010;
				LastUpgradeCheck = 1010;
				ORGANIZATIONNAME = "瑠璃";
				TargetAttributes = {
					D345278821C5F8A500B031CE = {
						CreatedOnToolsVersion = 10.1;
					};
				};
			};
			buildConfigurationList = D345278421C5F8A500B031CE /* Build configuration list for PBXProject "Pokedex" */;
			compatibilityVersion = "Xcode 9.3";
			developmentRegion = en;
			hasScannedForEncodings = 0;
			knownRegions = (
				Base,
			);
			mainGroup = D345278021C5F8A500B031CE;
			productRefGroup = D345278A21C5F8A500B031CE /* Products */;
			projectDirPath = "";
			projectRoot = "";
			targets = (
				D345278821C5F8A500B031CE /* Pokedex */,
			);
		};
/* End PBXProject section */

/* Begin PBXResourcesBuildPhase section */
		D345278721C5F8A500B031CE /* Resources */ = {
			isa = PBXResourcesBuildPhase;
			buildActionMask = 2147483647;
			files = (
				D345279721C5F8A700B031CE /* LaunchScreen.storyboard in Resources */,
				D345279F21C5F8D800B031CE /* pokemon.json in Resources */,
				D345279421C5F8A700B031CE /* Assets.xcassets in Resources */,
				D3929D2221DDE4E100BB5AFC /* ability.json in Resources */,
				D345279221C5F8A500B031CE /* Main.storyboard in Resources */,
			);
			runOnlyForDeploymentPostprocessing = 0;
		};
/* End PBXResourcesBuildPhase section */

/* Begin PBXSourcesBuildPhase section */
		D345278521C5F8A500B031CE /* Sources */ = {
			isa = PBXSourcesBuildPhase;
			buildActionMask = 2147483647;
			files = (
				D34527A321C62DFA00B031CE /* StatsViewController.swift in Sources */,
				D345278F21C5F8A500B031CE /* PokedexViewController.swift in Sources */,
				D345278D21C5F8A500B031CE /* AppDelegate.swift in Sources */,
				D3F4B83921D0810700122F79 /* PokemonCollectionViewCell.swift in Sources */,
				D3F99C7F21CBC90600A5D947 /* LoadJSON.swift in Sources */,
			);
			runOnlyForDeploymentPostprocessing = 0;
		};
/* End PBXSourcesBuildPhase section */

/* Begin PBXVariantGroup section */
		D345279021C5F8A500B031CE /* Main.storyboard */ = {
			isa = PBXVariantGroup;
			children = (
				D345279121C5F8A500B031CE /* Base */,
				D36848F621D9F17400696805 /* ja */,
			);
			name = Main.storyboard;
			sourceTree = "<group>";
		};
		D345279521C5F8A700B031CE /* LaunchScreen.storyboard */ = {
			isa = PBXVariantGroup;
			children = (
				D345279621C5F8A700B031CE /* Base */,
				D36848F721D9F17400696805 /* ja */,
			);
			name = LaunchScreen.storyboard;
			sourceTree = "<group>";
		};
/* End PBXVariantGroup section */

/* Begin XCBuildConfiguration section */
		D345279921C5F8A700B031CE /* Debug */ = {
			isa = XCBuildConfiguration;
			buildSettings = {
				ALWAYS_SEARCH_USER_PATHS = NO;
				CLANG_ANALYZER_LOCALIZABILITY_NONLOCALIZED = YES;
				CLANG_ANALYZER_NONNULL = YES;
				CLANG_ANALYZER_NUMBER_OBJECT_CONVERSION = YES_AGGRESSIVE;
				CLANG_CXX_LANGUAGE_STANDARD = "gnu++14";
				CLANG_CXX_LIBRARY = "libc++";
				CLANG_ENABLE_MODULES = YES;
				CLANG_ENABLE_OBJC_ARC = YES;
				CLANG_ENABLE_OBJC_WEAK = YES;
				CLANG_WARN_BLOCK_CAPTURE_AUTORELEASING = YES;
				CLANG_WARN_BOOL_CONVERSION = YES;
				CLANG_WARN_COMMA = YES;
				CLANG_WARN_CONSTANT_CONVERSION = YES;
				CLANG_WARN_DEPRECATED_OBJC_IMPLEMENTATIONS = YES;
				CLANG_WARN_DIRECT_OBJC_ISA_USAGE = YES_ERROR;
				CLANG_WARN_DOCUMENTATION_COMMENTS = YES;
				CLANG_WARN_EMPTY_BODY = YES;
				CLANG_WARN_ENUM_CONVERSION = YES;
				CLANG_WARN_INFINITE_RECURSION = YES;
				CLANG_WARN_INT_CONVERSION = YES;
				CLANG_WARN_NON_LITERAL_NULL_CONVERSION = YES;
				CLANG_WARN_OBJC_IMPLICIT_RETAIN_SELF = YES;
				CLANG_WARN_OBJC_LITERAL_CONVERSION = YES;
				CLANG_WARN_OBJC_ROOT_CLASS = YES_ERROR;
				CLANG_WARN_RANGE_LOOP_ANALYSIS = YES;
				CLANG_WARN_STRICT_PROTOTYPES = YES;
				CLANG_WARN_SUSPICIOUS_MOVE = YES;
				CLANG_WARN_UNGUARDED_AVAILABILITY = YES_AGGRESSIVE;
				CLANG_WARN_UNREACHABLE_CODE = YES;
				CLANG_WARN__DUPLICATE_METHOD_MATCH = YES;
				CODE_SIGN_IDENTITY = "iPhone Developer";
				COPY_PHASE_STRIP = NO;
				DEBUG_INFORMATION_FORMAT = dwarf;
				ENABLE_STRICT_OBJC_MSGSEND = YES;
				ENABLE_TESTABILITY = YES;
				GCC_C_LANGUAGE_STANDARD = gnu11;
				GCC_DYNAMIC_NO_PIC = NO;
				GCC_NO_COMMON_BLOCKS = YES;
				GCC_OPTIMIZATION_LEVEL = 0;
				GCC_PREPROCESSOR_DEFINITIONS = (
					"DEBUG=1",
					"$(inherited)",
				);
				GCC_WARN_64_TO_32_BIT_CONVERSION = YES;
				GCC_WARN_ABOUT_RETURN_TYPE = YES_ERROR;
				GCC_WARN_UNDECLARED_SELECTOR = YES;
				GCC_WARN_UNINITIALIZED_AUTOS = YES_AGGRESSIVE;
				GCC_WARN_UNUSED_FUNCTION = YES;
				GCC_WARN_UNUSED_VARIABLE = YES;
				IPHONEOS_DEPLOYMENT_TARGET = 11.0;
				MTL_ENABLE_DEBUG_INFO = INCLUDE_SOURCE;
				MTL_FAST_MATH = YES;
				ONLY_ACTIVE_ARCH = YES;
				SDKROOT = iphoneos;
				SWIFT_ACTIVE_COMPILATION_CONDITIONS = DEBUG;
				SWIFT_OPTIMIZATION_LEVEL = "-Onone";
			};
			name = Debug;
		};
		D345279A21C5F8A700B031CE /* Release */ = {
			isa = XCBuildConfiguration;
			buildSettings = {
				ALWAYS_SEARCH_USER_PATHS = NO;
				CLANG_ANALYZER_LOCALIZABILITY_NONLOCALIZED = YES;
				CLANG_ANALYZER_NONNULL = YES;
				CLANG_ANALYZER_NUMBER_OBJECT_CONVERSION = YES_AGGRESSIVE;
				CLANG_CXX_LANGUAGE_STANDARD = "gnu++14";
				CLANG_CXX_LIBRARY = "libc++";
				CLANG_ENABLE_MODULES = YES;
				CLANG_ENABLE_OBJC_ARC = YES;
				CLANG_ENABLE_OBJC_WEAK = YES;
				CLANG_WARN_BLOCK_CAPTURE_AUTORELEASING = YES;
				CLANG_WARN_BOOL_CONVERSION = YES;
				CLANG_WARN_COMMA = YES;
				CLANG_WARN_CONSTANT_CONVERSION = YES;
				CLANG_WARN_DEPRECATED_OBJC_IMPLEMENTATIONS = YES;
				CLANG_WARN_DIRECT_OBJC_ISA_USAGE = YES_ERROR;
				CLANG_WARN_DOCUMENTATION_COMMENTS = YES;
				CLANG_WARN_EMPTY_BODY = YES;
				CLANG_WARN_ENUM_CONVERSION = YES;
				CLANG_WARN_INFINITE_RECURSION = YES;
				CLANG_WARN_INT_CONVERSION = YES;
				CLANG_WARN_NON_LITERAL_NULL_CONVERSION = YES;
				CLANG_WARN_OBJC_IMPLICIT_RETAIN_SELF = YES;
				CLANG_WARN_OBJC_LITERAL_CONVERSION = YES;
				CLANG_WARN_OBJC_ROOT_CLASS = YES_ERROR;
				CLANG_WARN_RANGE_LOOP_ANALYSIS = YES;
				CLANG_WARN_STRICT_PROTOTYPES = YES;
				CLANG_WARN_SUSPICIOUS_MOVE = YES;
				CLANG_WARN_UNGUARDED_AVAILABILITY = YES_AGGRESSIVE;
				CLANG_WARN_UNREACHABLE_CODE = YES;
				CLANG_WARN__DUPLICATE_METHOD_MATCH = YES;
				CODE_SIGN_IDENTITY = "iPhone Developer";
				COPY_PHASE_STRIP = NO;
				DEBUG_INFORMATION_FORMAT = "dwarf-with-dsym";
				ENABLE_NS_ASSERTIONS = NO;
				ENABLE_STRICT_OBJC_MSGSEND = YES;
				GCC_C_LANGUAGE_STANDARD = gnu11;
				GCC_NO_COMMON_BLOCKS = YES;
				GCC_WARN_64_TO_32_BIT_CONVERSION = YES;
				GCC_WARN_ABOUT_RETURN_TYPE = YES_ERROR;
				GCC_WARN_UNDECLARED_SELECTOR = YES;
				GCC_WARN_UNINITIALIZED_AUTOS = YES_AGGRESSIVE;
				GCC_WARN_UNUSED_FUNCTION = YES;
				GCC_WARN_UNUSED_VARIABLE = YES;
				IPHONEOS_DEPLOYMENT_TARGET = 11.0;
				MTL_ENABLE_DEBUG_INFO = NO;
				MTL_FAST_MATH = YES;
				SDKROOT = iphoneos;
				SWIFT_COMPILATION_MODE = wholemodule;
				SWIFT_OPTIMIZATION_LEVEL = "-O";
				VALIDATE_PRODUCT = YES;
			};
			name = Release;
		};
		D345279C21C5F8A700B031CE /* Debug */ = {
			isa = XCBuildConfiguration;
			buildSettings = {
				ASSETCATALOG_COMPILER_APPICON_NAME = AppIcon;
				CODE_SIGN_STYLE = Automatic;
				DEVELOPMENT_TEAM = LMP7CBHBKV;
				INFOPLIST_FILE = Pokedex/Info.plist;
				IPHONEOS_DEPLOYMENT_TARGET = 11.0;
				LD_RUNPATH_SEARCH_PATHS = (
					"$(inherited)",
					"@executable_path/Frameworks",
				);
				PRODUCT_BUNDLE_IDENTIFIER = com.ruri.Pokedex;
				PRODUCT_NAME = "$(TARGET_NAME)";
				SWIFT_VERSION = 4.2;
				TARGETED_DEVICE_FAMILY = 1;
			};
			name = Debug;
		};
		D345279D21C5F8A700B031CE /* Release */ = {
			isa = XCBuildConfiguration;
			buildSettings = {
				ASSETCATALOG_COMPILER_APPICON_NAME = AppIcon;
				CODE_SIGN_STYLE = Automatic;
				DEVELOPMENT_TEAM = LMP7CBHBKV;
				INFOPLIST_FILE = Pokedex/Info.plist;
				IPHONEOS_DEPLOYMENT_TARGET = 11.0;
				LD_RUNPATH_SEARCH_PATHS = (
					"$(inherited)",
					"@executable_path/Frameworks",
				);
				PRODUCT_BUNDLE_IDENTIFIER = com.ruri.Pokedex;
				PRODUCT_NAME = "$(TARGET_NAME)";
				SWIFT_VERSION = 4.2;
				TARGETED_DEVICE_FAMILY = 1;
			};
			name = Release;
		};
/* End XCBuildConfiguration section */

/* Begin XCConfigurationList section */
		D345278421C5F8A500B031CE /* Build configuration list for PBXProject "Pokedex" */ = {
			isa = XCConfigurationList;
			buildConfigurations = (
				D345279921C5F8A700B031CE /* Debug */,
				D345279A21C5F8A700B031CE /* Release */,
			);
			defaultConfigurationIsVisible = 0;
			defaultConfigurationName = Release;
		};
		D345279B21C5F8A700B031CE /* Build configuration list for PBXNativeTarget "Pokedex" */ = {
			isa = XCConfigurationList;
			buildConfigurations = (
				D345279C21C5F8A700B031CE /* Debug */,
				D345279D21C5F8A700B031CE /* Release */,
			);
			defaultConfigurationIsVisible = 0;
			defaultConfigurationName = Release;
		};
/* End XCConfigurationList section */
	};
	rootObject = D345278121C5F8A500B031CE /* Project object */;
}
